
Microsoft Visual Studio Solution File, Format Version 12.00
# Visual Studio Version 16
VisualStudioVersion = 16.0.28803.352
MinimumVisualStudioVersion = 10.0.40219.1
Project("{FAE04EC0-301F-11D3-BF4B-00C04F79EFBC}") = "MyCompanyReader", "MyCompanyReader\MyCompanyReader.csproj", "{FCF6CC06-D203-40D0-A6A3-EE21328A56A4}"
EndProject
Global
	GlobalSection(SolutionConfigurationPlatforms) = preSolution
		Debug|Any CPU = Debug|Any CPU
		Release|Any CPU = Release|Any CPU
	EndGlobalSection
	GlobalSection(ProjectConfigurationPlatforms) = postSolution
		{FCF6CC06-D203-40D0-A6A3-EE21328A56A4}.Debug|Any CPU.ActiveCfg = Debug|Any CPU
		{FCF6CC06-D203-40D0-A6A3-EE21328A56A4}.Debug|Any CPU.Build.0 = Debug|Any CPU
		{FCF6CC06-D203-40D0-A6A3-EE21328A56A4}.Release|Any CPU.ActiveCfg = Release|Any CPU
		{FCF6CC06-D203-40D0-A6A3-EE21328A56A4}.Release|Any CPU.Build.0 = Release|Any CPU
	EndGlobalSection
	GlobalSection(SolutionProperties) = preSolution
		HideSolutionNode = FALSE
	EndGlobalSection
	GlobalSection(ExtensibilityGlobals) = postSolution
		SolutionGuid = {7A21B7FD-045B-4279-99BA-F933C5BF222F}
	EndGlobalSection
EndGlobal
