
Microsoft Visual Studio Solution File, Format Version 12.00
# Visual Studio Version 16
VisualStudioVersion = 16.0.28803.352
MinimumVisualStudioVersion = 10.0.40219.1
Project("{FAE04EC0-301F-11D3-BF4B-00C04F79EFBC}") = "GremlinDemo", "GremlinDemo\GremlinDemo.csproj", "{5ADC5D77-1752-4373-8FBA-2D55D33A50FF}"
EndProject
Global
	GlobalSection(SolutionConfigurationPlatforms) = preSolution
		Debug|Any CPU = Debug|Any CPU
		Release|Any CPU = Release|Any CPU
	EndGlobalSection
	GlobalSection(ProjectConfigurationPlatforms) = postSolution
		{5ADC5D77-1752-4373-8FBA-2D55D33A50FF}.Debug|Any CPU.ActiveCfg = Debug|Any CPU
		{5ADC5D77-1752-4373-8FBA-2D55D33A50FF}.Debug|Any CPU.Build.0 = Debug|Any CPU
		{5ADC5D77-1752-4373-8FBA-2D55D33A50FF}.Release|Any CPU.ActiveCfg = Release|Any CPU
		{5ADC5D77-1752-4373-8FBA-2D55D33A50FF}.Release|Any CPU.Build.0 = Release|Any CPU
	EndGlobalSection
	GlobalSection(SolutionProperties) = preSolution
		HideSolutionNode = FALSE
	EndGlobalSection
	GlobalSection(ExtensibilityGlobals) = postSolution
		SolutionGuid = {D5E78CEF-BA93-453B-845A-A5B498C56260}
	EndGlobalSection
EndGlobal
