
Microsoft Visual Studio Solution File, Format Version 12.00
# Visual Studio Version 16
VisualStudioVersion = 16.0.29201.188
MinimumVisualStudioVersion = 10.0.40219.1
Project("{00D1A9C2-B5F0-4AF3-8072-F6C62B433612}") = "Database1", "Database1\Database1.sqlproj", "{BAA2B4D6-504F-4975-BD73-9C0724DD5CDC}"
EndProject
Global
	GlobalSection(SolutionConfigurationPlatforms) = preSolution
		Debug|Any CPU = Debug|Any CPU
		Release|Any CPU = Release|Any CPU
	EndGlobalSection
	GlobalSection(ProjectConfigurationPlatforms) = postSolution
		{BAA2B4D6-504F-4975-BD73-9C0724DD5CDC}.Debug|Any CPU.ActiveCfg = Debug|Any CPU
		{BAA2B4D6-504F-4975-BD73-9C0724DD5CDC}.Debug|Any CPU.Build.0 = Debug|Any CPU
		{BAA2B4D6-504F-4975-BD73-9C0724DD5CDC}.Debug|Any CPU.Deploy.0 = Debug|Any CPU
		{BAA2B4D6-504F-4975-BD73-9C0724DD5CDC}.Release|Any CPU.ActiveCfg = Release|Any CPU
		{BAA2B4D6-504F-4975-BD73-9C0724DD5CDC}.Release|Any CPU.Build.0 = Release|Any CPU
		{BAA2B4D6-504F-4975-BD73-9C0724DD5CDC}.Release|Any CPU.Deploy.0 = Release|Any CPU
	EndGlobalSection
	GlobalSection(SolutionProperties) = preSolution
		HideSolutionNode = FALSE
	EndGlobalSection
	GlobalSection(ExtensibilityGlobals) = postSolution
		SolutionGuid = {D2929D7B-E19A-4D49-94F2-09E6EB8B54E6}
	EndGlobalSection
EndGlobal
