
Microsoft Visual Studio Solution File, Format Version 12.00
# Visual Studio Version 16
VisualStudioVersion = 16.0.29201.188
MinimumVisualStudioVersion = 10.0.40219.1
Project("{E6C563F2-BDC2-4A24-ACBF-01715157DCBB}") = "StreamTesting", "StreamTesting\StreamTesting.asaproj", "{5FC60C01-BB21-47CE-8EF8-97E14561B22C}"
EndProject
Project("{2150E333-8FDC-42A3-9474-1A3956D46DE8}") = "TestData", "TestData", "{FABEFDDD-FBD2-4C78-8003-9B7AA6FE7612}"
	ProjectSection(SolutionItems) = preProject
		TestEvents.json = TestEvents.json
		TestSessions.json = TestSessions.json
	EndProjectSection
EndProject
Global
	GlobalSection(SolutionConfigurationPlatforms) = preSolution
		Debug|Any CPU = Debug|Any CPU
		Release|Any CPU = Release|Any CPU
	EndGlobalSection
	GlobalSection(ProjectConfigurationPlatforms) = postSolution
		{5FC60C01-BB21-47CE-8EF8-97E14561B22C}.Debug|Any CPU.ActiveCfg = Debug|Any CPU
		{5FC60C01-BB21-47CE-8EF8-97E14561B22C}.Debug|Any CPU.Build.0 = Debug|Any CPU
		{5FC60C01-BB21-47CE-8EF8-97E14561B22C}.Release|Any CPU.ActiveCfg = Release|Any CPU
		{5FC60C01-BB21-47CE-8EF8-97E14561B22C}.Release|Any CPU.Build.0 = Release|Any CPU
	EndGlobalSection
	GlobalSection(SolutionProperties) = preSolution
		HideSolutionNode = FALSE
	EndGlobalSection
	GlobalSection(ExtensibilityGlobals) = postSolution
		SolutionGuid = {3D468506-3976-48C3-A9A9-E1BA7E24B24A}
	EndGlobalSection
EndGlobal
